
Microsoft Visual Studio Solution File, Format Version 12.00
# Visual Studio Version 17
VisualStudioVersion = 17.0.31912.275
MinimumVisualStudioVersion = 10.0.40219.1
Project("{2150E333-8FDC-42A3-9474-1A3956D46DE8}") = "src", "src", "{55F7DA4A-F2BD-4AA1-BAC9-44BFD3A0F1FA}"
EndProject
Project("{2150E333-8FDC-42A3-9474-1A3956D46DE8}") = "test", "test", "{5A8B364F-4A39-442A-B68F-F25A047A53AC}"
EndProject
Project("{2150E333-8FDC-42A3-9474-1A3956D46DE8}") = "examples", "examples", "{B80375BB-C008-435D-A577-66929227405F}"
EndProject
Project("{2150E333-8FDC-42A3-9474-1A3956D46DE8}") = "communication", "communication", "{46672673-3CFB-4427-8768-55C53A67D70B}"
EndProject
Project("{2150E333-8FDC-42A3-9474-1A3956D46DE8}") = "acceptance", "acceptance", "{E5EC23A3-80FD-4551-BF75-8281911DD0BC}"
EndProject
Project("{2150E333-8FDC-42A3-9474-1A3956D46DE8}") = "building", "building", "{732B92C0-1F1F-4E61-B819-C1C6F0337E86}"
EndProject
Project("{6EC3EE1D-3C4E-46DD-8F32-0CC8E7565705}") = "EventFeed", "src\EventFeed\EventFeed.fsproj", "{46E9BFB7-94C2-48C2-AFBD-8B831799AC73}"
EndProject
Project("{6EC3EE1D-3C4E-46DD-8F32-0CC8E7565705}") = "EventFeed.Tests.Unit", "test\building\EventFeed.Tests.Unit\EventFeed.Tests.Unit.fsproj", "{8E32D9A8-D6D8-4679-B5FF-E8A5C8958570}"
EndProject
Project("{6EC3EE1D-3C4E-46DD-8F32-0CC8E7565705}") = "EventFeed.Producer.MSSQL", "src\EventFeed.Producer.MSSQL\EventFeed.Producer.MSSQL.fsproj", "{C91D835D-B9EE-40A1-9B62-69BA97F1AF45}"
EndProject
Project("{6EC3EE1D-3C4E-46DD-8F32-0CC8E7565705}") = "EventFeed.MSSQL.Tests.Integration", "test\communication\EventFeed.MSSQL.Tests.Integration\EventFeed.MSSQL.Tests.Integration.fsproj", "{140A6841-6E07-4CE9-8FD3-56A5C90AE52D}"
EndProject
Project("{9A19103F-16F7-4668-BE54-9A1E7A4F7556}") = "EventFeed.AspNetCore", "src\EventFeed.AspNetCore\EventFeed.AspNetCore.csproj", "{4AB77288-1365-4C0E-B32F-CB462D5AD3E2}"
EndProject
Project("{2150E333-8FDC-42A3-9474-1A3956D46DE8}") = "service-collection-example", "service-collection-example", "{0A39541F-22F9-4C93-AD70-E2107160BCA9}"
EndProject
Project("{9A19103F-16F7-4668-BE54-9A1E7A4F7556}") = "EventFeed.Example1.Api", "examples\service-collection-example\EventFeed.Example1.Api\EventFeed.Example1.Api.csproj", "{E8F392A5-8EE4-4F07-8CFA-66A7F6722F1F}"
EndProject
Project("{9A19103F-16F7-4668-BE54-9A1E7A4F7556}") = "EventFeed.AspNet.Tests.Integration", "test\communication\EventFeed.AspNet.Tests.Integration\EventFeed.AspNet.Tests.Integration.csproj", "{55A22490-871E-4FA8-8445-C220039C0264}"
EndProject
Project("{6EC3EE1D-3C4E-46DD-8F32-0CC8E7565705}") = "EventFeed.Consumer", "src\EventFeed.Consumer\EventFeed.Consumer.fsproj", "{9C4BA643-374D-47E9-ACAC-5E4AEE0A6188}"
EndProject
Project("{6EC3EE1D-3C4E-46DD-8F32-0CC8E7565705}") = "EventFeed.Consumer.Tests.Unit", "test\building\EventFeed.Consumer.Tests.Unit\EventFeed.Consumer.Tests.Unit.fsproj", "{4C3880C4-7743-4C0C-B613-2D422B39C225}"
EndProject
Project("{F2A71F9B-5D33-465A-A702-920D77279786}") = "EventFeed.Consumer.Tests.Integration", "test\communication\EventFeed.Consumer.Tests.Integration\EventFeed.Consumer.Tests.Integration.fsproj", "{4C70C909-A0E3-4926-AA5B-90A84306DAEF}"
EndProject
Global
	GlobalSection(SolutionConfigurationPlatforms) = preSolution
		Debug|Any CPU = Debug|Any CPU
		Debug|x64 = Debug|x64
		Debug|x86 = Debug|x86
		Release|Any CPU = Release|Any CPU
		Release|x64 = Release|x64
		Release|x86 = Release|x86
	EndGlobalSection
	GlobalSection(ProjectConfigurationPlatforms) = postSolution
		{46E9BFB7-94C2-48C2-AFBD-8B831799AC73}.Debug|Any CPU.ActiveCfg = Debug|Any CPU
		{46E9BFB7-94C2-48C2-AFBD-8B831799AC73}.Debug|Any CPU.Build.0 = Debug|Any CPU
		{46E9BFB7-94C2-48C2-AFBD-8B831799AC73}.Debug|x64.ActiveCfg = Debug|Any CPU
		{46E9BFB7-94C2-48C2-AFBD-8B831799AC73}.Debug|x64.Build.0 = Debug|Any CPU
		{46E9BFB7-94C2-48C2-AFBD-8B831799AC73}.Debug|x86.ActiveCfg = Debug|Any CPU
		{46E9BFB7-94C2-48C2-AFBD-8B831799AC73}.Debug|x86.Build.0 = Debug|Any CPU
		{46E9BFB7-94C2-48C2-AFBD-8B831799AC73}.Release|Any CPU.ActiveCfg = Release|Any CPU
		{46E9BFB7-94C2-48C2-AFBD-8B831799AC73}.Release|Any CPU.Build.0 = Release|Any CPU
		{46E9BFB7-94C2-48C2-AFBD-8B831799AC73}.Release|x64.ActiveCfg = Release|Any CPU
		{46E9BFB7-94C2-48C2-AFBD-8B831799AC73}.Release|x64.Build.0 = Release|Any CPU
		{46E9BFB7-94C2-48C2-AFBD-8B831799AC73}.Release|x86.ActiveCfg = Release|Any CPU
		{46E9BFB7-94C2-48C2-AFBD-8B831799AC73}.Release|x86.Build.0 = Release|Any CPU
		{8E32D9A8-D6D8-4679-B5FF-E8A5C8958570}.Debug|Any CPU.ActiveCfg = Debug|Any CPU
		{8E32D9A8-D6D8-4679-B5FF-E8A5C8958570}.Debug|Any CPU.Build.0 = Debug|Any CPU
		{8E32D9A8-D6D8-4679-B5FF-E8A5C8958570}.Debug|x64.ActiveCfg = Debug|Any CPU
		{8E32D9A8-D6D8-4679-B5FF-E8A5C8958570}.Debug|x64.Build.0 = Debug|Any CPU
		{8E32D9A8-D6D8-4679-B5FF-E8A5C8958570}.Debug|x86.ActiveCfg = Debug|Any CPU
		{8E32D9A8-D6D8-4679-B5FF-E8A5C8958570}.Debug|x86.Build.0 = Debug|Any CPU
		{8E32D9A8-D6D8-4679-B5FF-E8A5C8958570}.Release|Any CPU.ActiveCfg = Release|Any CPU
		{8E32D9A8-D6D8-4679-B5FF-E8A5C8958570}.Release|Any CPU.Build.0 = Release|Any CPU
		{8E32D9A8-D6D8-4679-B5FF-E8A5C8958570}.Release|x64.ActiveCfg = Release|Any CPU
		{8E32D9A8-D6D8-4679-B5FF-E8A5C8958570}.Release|x64.Build.0 = Release|Any CPU
		{8E32D9A8-D6D8-4679-B5FF-E8A5C8958570}.Release|x86.ActiveCfg = Release|Any CPU
		{8E32D9A8-D6D8-4679-B5FF-E8A5C8958570}.Release|x86.Build.0 = Release|Any CPU
		{C91D835D-B9EE-40A1-9B62-69BA97F1AF45}.Debug|Any CPU.ActiveCfg = Debug|Any CPU
		{C91D835D-B9EE-40A1-9B62-69BA97F1AF45}.Debug|Any CPU.Build.0 = Debug|Any CPU
		{C91D835D-B9EE-40A1-9B62-69BA97F1AF45}.Debug|x64.ActiveCfg = Debug|Any CPU
		{C91D835D-B9EE-40A1-9B62-69BA97F1AF45}.Debug|x64.Build.0 = Debug|Any CPU
		{C91D835D-B9EE-40A1-9B62-69BA97F1AF45}.Debug|x86.ActiveCfg = Debug|Any CPU
		{C91D835D-B9EE-40A1-9B62-69BA97F1AF45}.Debug|x86.Build.0 = Debug|Any CPU
		{C91D835D-B9EE-40A1-9B62-69BA97F1AF45}.Release|Any CPU.ActiveCfg = Release|Any CPU
		{C91D835D-B9EE-40A1-9B62-69BA97F1AF45}.Release|Any CPU.Build.0 = Release|Any CPU
		{C91D835D-B9EE-40A1-9B62-69BA97F1AF45}.Release|x64.ActiveCfg = Release|Any CPU
		{C91D835D-B9EE-40A1-9B62-69BA97F1AF45}.Release|x64.Build.0 = Release|Any CPU
		{C91D835D-B9EE-40A1-9B62-69BA97F1AF45}.Release|x86.ActiveCfg = Release|Any CPU
		{C91D835D-B9EE-40A1-9B62-69BA97F1AF45}.Release|x86.Build.0 = Release|Any CPU
		{140A6841-6E07-4CE9-8FD3-56A5C90AE52D}.Debug|Any CPU.ActiveCfg = Debug|Any CPU
		{140A6841-6E07-4CE9-8FD3-56A5C90AE52D}.Debug|Any CPU.Build.0 = Debug|Any CPU
		{140A6841-6E07-4CE9-8FD3-56A5C90AE52D}.Debug|x64.ActiveCfg = Debug|Any CPU
		{140A6841-6E07-4CE9-8FD3-56A5C90AE52D}.Debug|x64.Build.0 = Debug|Any CPU
		{140A6841-6E07-4CE9-8FD3-56A5C90AE52D}.Debug|x86.ActiveCfg = Debug|Any CPU
		{140A6841-6E07-4CE9-8FD3-56A5C90AE52D}.Debug|x86.Build.0 = Debug|Any CPU
		{140A6841-6E07-4CE9-8FD3-56A5C90AE52D}.Release|Any CPU.ActiveCfg = Release|Any CPU
		{140A6841-6E07-4CE9-8FD3-56A5C90AE52D}.Release|Any CPU.Build.0 = Release|Any CPU
		{140A6841-6E07-4CE9-8FD3-56A5C90AE52D}.Release|x64.ActiveCfg = Release|Any CPU
		{140A6841-6E07-4CE9-8FD3-56A5C90AE52D}.Release|x64.Build.0 = Release|Any CPU
		{140A6841-6E07-4CE9-8FD3-56A5C90AE52D}.Release|x86.ActiveCfg = Release|Any CPU
		{140A6841-6E07-4CE9-8FD3-56A5C90AE52D}.Release|x86.Build.0 = Release|Any CPU
		{4AB77288-1365-4C0E-B32F-CB462D5AD3E2}.Debug|Any CPU.ActiveCfg = Debug|Any CPU
		{4AB77288-1365-4C0E-B32F-CB462D5AD3E2}.Debug|Any CPU.Build.0 = Debug|Any CPU
		{4AB77288-1365-4C0E-B32F-CB462D5AD3E2}.Debug|x64.ActiveCfg = Debug|Any CPU
		{4AB77288-1365-4C0E-B32F-CB462D5AD3E2}.Debug|x64.Build.0 = Debug|Any CPU
		{4AB77288-1365-4C0E-B32F-CB462D5AD3E2}.Debug|x86.ActiveCfg = Debug|Any CPU
		{4AB77288-1365-4C0E-B32F-CB462D5AD3E2}.Debug|x86.Build.0 = Debug|Any CPU
		{4AB77288-1365-4C0E-B32F-CB462D5AD3E2}.Release|Any CPU.ActiveCfg = Release|Any CPU
		{4AB77288-1365-4C0E-B32F-CB462D5AD3E2}.Release|Any CPU.Build.0 = Release|Any CPU
		{4AB77288-1365-4C0E-B32F-CB462D5AD3E2}.Release|x64.ActiveCfg = Release|Any CPU
		{4AB77288-1365-4C0E-B32F-CB462D5AD3E2}.Release|x64.Build.0 = Release|Any CPU
		{4AB77288-1365-4C0E-B32F-CB462D5AD3E2}.Release|x86.ActiveCfg = Release|Any CPU
		{4AB77288-1365-4C0E-B32F-CB462D5AD3E2}.Release|x86.Build.0 = Release|Any CPU
		{E8F392A5-8EE4-4F07-8CFA-66A7F6722F1F}.Debug|Any CPU.ActiveCfg = Debug|Any CPU
		{E8F392A5-8EE4-4F07-8CFA-66A7F6722F1F}.Debug|Any CPU.Build.0 = Debug|Any CPU
		{E8F392A5-8EE4-4F07-8CFA-66A7F6722F1F}.Debug|x64.ActiveCfg = Debug|Any CPU
		{E8F392A5-8EE4-4F07-8CFA-66A7F6722F1F}.Debug|x64.Build.0 = Debug|Any CPU
		{E8F392A5-8EE4-4F07-8CFA-66A7F6722F1F}.Debug|x86.ActiveCfg = Debug|Any CPU
		{E8F392A5-8EE4-4F07-8CFA-66A7F6722F1F}.Debug|x86.Build.0 = Debug|Any CPU
		{E8F392A5-8EE4-4F07-8CFA-66A7F6722F1F}.Release|Any CPU.ActiveCfg = Release|Any CPU
		{E8F392A5-8EE4-4F07-8CFA-66A7F6722F1F}.Release|Any CPU.Build.0 = Release|Any CPU
		{E8F392A5-8EE4-4F07-8CFA-66A7F6722F1F}.Release|x64.ActiveCfg = Release|Any CPU
		{E8F392A5-8EE4-4F07-8CFA-66A7F6722F1F}.Release|x64.Build.0 = Release|Any CPU
		{E8F392A5-8EE4-4F07-8CFA-66A7F6722F1F}.Release|x86.ActiveCfg = Release|Any CPU
		{E8F392A5-8EE4-4F07-8CFA-66A7F6722F1F}.Release|x86.Build.0 = Release|Any CPU
		{55A22490-871E-4FA8-8445-C220039C0264}.Debug|Any CPU.ActiveCfg = Debug|Any CPU
		{55A22490-871E-4FA8-8445-C220039C0264}.Debug|Any CPU.Build.0 = Debug|Any CPU
		{55A22490-871E-4FA8-8445-C220039C0264}.Debug|x64.ActiveCfg = Debug|Any CPU
		{55A22490-871E-4FA8-8445-C220039C0264}.Debug|x64.Build.0 = Debug|Any CPU
		{55A22490-871E-4FA8-8445-C220039C0264}.Debug|x86.ActiveCfg = Debug|Any CPU
		{55A22490-871E-4FA8-8445-C220039C0264}.Debug|x86.Build.0 = Debug|Any CPU
		{55A22490-871E-4FA8-8445-C220039C0264}.Release|Any CPU.ActiveCfg = Release|Any CPU
		{55A22490-871E-4FA8-8445-C220039C0264}.Release|Any CPU.Build.0 = Release|Any CPU
		{55A22490-871E-4FA8-8445-C220039C0264}.Release|x64.ActiveCfg = Release|Any CPU
		{55A22490-871E-4FA8-8445-C220039C0264}.Release|x64.Build.0 = Release|Any CPU
		{55A22490-871E-4FA8-8445-C220039C0264}.Release|x86.ActiveCfg = Release|Any CPU
		{55A22490-871E-4FA8-8445-C220039C0264}.Release|x86.Build.0 = Release|Any CPU
		{9C4BA643-374D-47E9-ACAC-5E4AEE0A6188}.Debug|Any CPU.ActiveCfg = Debug|Any CPU
		{9C4BA643-374D-47E9-ACAC-5E4AEE0A6188}.Debug|Any CPU.Build.0 = Debug|Any CPU
		{9C4BA643-374D-47E9-ACAC-5E4AEE0A6188}.Debug|x64.ActiveCfg = Debug|Any CPU
		{9C4BA643-374D-47E9-ACAC-5E4AEE0A6188}.Debug|x64.Build.0 = Debug|Any CPU
		{9C4BA643-374D-47E9-ACAC-5E4AEE0A6188}.Debug|x86.ActiveCfg = Debug|Any CPU
		{9C4BA643-374D-47E9-ACAC-5E4AEE0A6188}.Debug|x86.Build.0 = Debug|Any CPU
		{9C4BA643-374D-47E9-ACAC-5E4AEE0A6188}.Release|Any CPU.ActiveCfg = Release|Any CPU
		{9C4BA643-374D-47E9-ACAC-5E4AEE0A6188}.Release|Any CPU.Build.0 = Release|Any CPU
		{9C4BA643-374D-47E9-ACAC-5E4AEE0A6188}.Release|x64.ActiveCfg = Release|Any CPU
		{9C4BA643-374D-47E9-ACAC-5E4AEE0A6188}.Release|x64.Build.0 = Release|Any CPU
		{9C4BA643-374D-47E9-ACAC-5E4AEE0A6188}.Release|x86.ActiveCfg = Release|Any CPU
		{9C4BA643-374D-47E9-ACAC-5E4AEE0A6188}.Release|x86.Build.0 = Release|Any CPU
		{4C3880C4-7743-4C0C-B613-2D422B39C225}.Debug|Any CPU.ActiveCfg = Debug|Any CPU
		{4C3880C4-7743-4C0C-B613-2D422B39C225}.Debug|Any CPU.Build.0 = Debug|Any CPU
		{4C3880C4-7743-4C0C-B613-2D422B39C225}.Debug|x64.ActiveCfg = Debug|Any CPU
		{4C3880C4-7743-4C0C-B613-2D422B39C225}.Debug|x64.Build.0 = Debug|Any CPU
		{4C3880C4-7743-4C0C-B613-2D422B39C225}.Debug|x86.ActiveCfg = Debug|Any CPU
		{4C3880C4-7743-4C0C-B613-2D422B39C225}.Debug|x86.Build.0 = Debug|Any CPU
		{4C3880C4-7743-4C0C-B613-2D422B39C225}.Release|Any CPU.ActiveCfg = Release|Any CPU
		{4C3880C4-7743-4C0C-B613-2D422B39C225}.Release|Any CPU.Build.0 = Release|Any CPU
		{4C3880C4-7743-4C0C-B613-2D422B39C225}.Release|x64.ActiveCfg = Release|Any CPU
		{4C3880C4-7743-4C0C-B613-2D422B39C225}.Release|x64.Build.0 = Release|Any CPU
		{4C3880C4-7743-4C0C-B613-2D422B39C225}.Release|x86.ActiveCfg = Release|Any CPU
		{4C3880C4-7743-4C0C-B613-2D422B39C225}.Release|x86.Build.0 = Release|Any CPU
		{4C70C909-A0E3-4926-AA5B-90A84306DAEF}.Debug|Any CPU.ActiveCfg = Debug|Any CPU
		{4C70C909-A0E3-4926-AA5B-90A84306DAEF}.Debug|Any CPU.Build.0 = Debug|Any CPU
		{4C70C909-A0E3-4926-AA5B-90A84306DAEF}.Debug|x64.ActiveCfg = Debug|Any CPU
		{4C70C909-A0E3-4926-AA5B-90A84306DAEF}.Debug|x64.Build.0 = Debug|Any CPU
		{4C70C909-A0E3-4926-AA5B-90A84306DAEF}.Debug|x86.ActiveCfg = Debug|Any CPU
		{4C70C909-A0E3-4926-AA5B-90A84306DAEF}.Debug|x86.Build.0 = Debug|Any CPU
		{4C70C909-A0E3-4926-AA5B-90A84306DAEF}.Release|Any CPU.ActiveCfg = Release|Any CPU
		{4C70C909-A0E3-4926-AA5B-90A84306DAEF}.Release|Any CPU.Build.0 = Release|Any CPU
		{4C70C909-A0E3-4926-AA5B-90A84306DAEF}.Release|x64.ActiveCfg = Release|Any CPU
		{4C70C909-A0E3-4926-AA5B-90A84306DAEF}.Release|x64.Build.0 = Release|Any CPU
		{4C70C909-A0E3-4926-AA5B-90A84306DAEF}.Release|x86.ActiveCfg = Release|Any CPU
		{4C70C909-A0E3-4926-AA5B-90A84306DAEF}.Release|x86.Build.0 = Release|Any CPU
	EndGlobalSection
	GlobalSection(SolutionProperties) = preSolution
		HideSolutionNode = FALSE
	EndGlobalSection
	GlobalSection(NestedProjects) = preSolution
		{46672673-3CFB-4427-8768-55C53A67D70B} = {5A8B364F-4A39-442A-B68F-F25A047A53AC}
		{E5EC23A3-80FD-4551-BF75-8281911DD0BC} = {5A8B364F-4A39-442A-B68F-F25A047A53AC}
		{732B92C0-1F1F-4E61-B819-C1C6F0337E86} = {5A8B364F-4A39-442A-B68F-F25A047A53AC}
		{46E9BFB7-94C2-48C2-AFBD-8B831799AC73} = {55F7DA4A-F2BD-4AA1-BAC9-44BFD3A0F1FA}
		{8E32D9A8-D6D8-4679-B5FF-E8A5C8958570} = {732B92C0-1F1F-4E61-B819-C1C6F0337E86}
		{C91D835D-B9EE-40A1-9B62-69BA97F1AF45} = {55F7DA4A-F2BD-4AA1-BAC9-44BFD3A0F1FA}
		{140A6841-6E07-4CE9-8FD3-56A5C90AE52D} = {46672673-3CFB-4427-8768-55C53A67D70B}
		{4AB77288-1365-4C0E-B32F-CB462D5AD3E2} = {55F7DA4A-F2BD-4AA1-BAC9-44BFD3A0F1FA}
		{0A39541F-22F9-4C93-AD70-E2107160BCA9} = {B80375BB-C008-435D-A577-66929227405F}
		{E8F392A5-8EE4-4F07-8CFA-66A7F6722F1F} = {0A39541F-22F9-4C93-AD70-E2107160BCA9}
		{55A22490-871E-4FA8-8445-C220039C0264} = {46672673-3CFB-4427-8768-55C53A67D70B}
		{9C4BA643-374D-47E9-ACAC-5E4AEE0A6188} = {55F7DA4A-F2BD-4AA1-BAC9-44BFD3A0F1FA}
		{4C3880C4-7743-4C0C-B613-2D422B39C225} = {732B92C0-1F1F-4E61-B819-C1C6F0337E86}
		{4C70C909-A0E3-4926-AA5B-90A84306DAEF} = {46672673-3CFB-4427-8768-55C53A67D70B}
	EndGlobalSection
	GlobalSection(ExtensibilityGlobals) = postSolution
		SolutionGuid = {ACE5B101-1C4B-4CD7-B6E4-EFC298AAC681}
	EndGlobalSection
EndGlobal
